// !$*UTF8*$!
{
	archiveVersion = 1;
	classes = {
	};
	objectVersion = 46;
	objects = {

/* Begin PBXBuildFile section */
		B230F5DCBCAADB2F8B3CD0F2 /* Pods_TweeBox.framework in Frameworks */ = {isa = PBXBuildFile; fileRef = E8E3A1C5C0DABB6C344B4147 /* Pods_TweeBox.framework */; };
		B4092FF71F38BD6D00CAB109 /* TweetEntity.swift in Sources */ = {isa = PBXBuildFile; fileRef = B4092FF61F38BD6D00CAB109 /* TweetEntity.swift */; };
		B4092FF91F38BECF00CAB109 /* TweetPhotoSize.swift in Sources */ = {isa = PBXBuildFile; fileRef = B4092FF81F38BECF00CAB109 /* TweetPhotoSize.swift */; };
		B4092FFB1F38C22000CAB109 /* TweetVideoInfo.swift in Sources */ = {isa = PBXBuildFile; fileRef = B4092FFA1F38C22000CAB109 /* TweetVideoInfo.swift */; };
		B40930001F395FFD00CAB109 /* TweetWithTextTableViewCell.swift in Sources */ = {isa = PBXBuildFile; fileRef = B4092FFE1F395FFD00CAB109 /* TweetWithTextTableViewCell.swift */; };
		B40930011F395FFD00CAB109 /* TweetWithPicAndTextTableViewCell.swift in Sources */ = {isa = PBXBuildFile; fileRef = B4092FFF1F395FFD00CAB109 /* TweetWithPicAndTextTableViewCell.swift */; };
		B40930041F3965B600CAB109 /* TweetTableViewCell.swift in Sources */ = {isa = PBXBuildFile; fileRef = B40930031F3965B600CAB109 /* TweetTableViewCell.swift */; };
		B40930061F3966A000CAB109 /* TweetWithPicTableViewCell.swift in Sources */ = {isa = PBXBuildFile; fileRef = B40930051F3966A000CAB109 /* TweetWithPicTableViewCell.swift */; };
		B40930081F39710000CAB109 /* URLExtension.swift in Sources */ = {isa = PBXBuildFile; fileRef = B40930071F3970FF00CAB109 /* URLExtension.swift */; };
		B409300A1F39763E00CAB109 /* MediaSize.swift in Sources */ = {isa = PBXBuildFile; fileRef = B40930091F39763E00CAB109 /* MediaSize.swift */; };
		B42985A01F29E8E700AFFB97 /* AppDelegate.swift in Sources */ = {isa = PBXBuildFile; fileRef = B429859F1F29E8E700AFFB97 /* AppDelegate.swift */; };
		B42985A21F29E8E700AFFB97 /* LoginViewController.swift in Sources */ = {isa = PBXBuildFile; fileRef = B42985A11F29E8E700AFFB97 /* LoginViewController.swift */; };
		B42985A51F29E8E700AFFB97 /* Main.storyboard in Resources */ = {isa = PBXBuildFile; fileRef = B42985A31F29E8E700AFFB97 /* Main.storyboard */; };
		B42985A81F29E8E700AFFB97 /* TweeBox.xcdatamodeld in Sources */ = {isa = PBXBuildFile; fileRef = B42985A61F29E8E700AFFB97 /* TweeBox.xcdatamodeld */; };
		B42985AA1F29E8E700AFFB97 /* Assets.xcassets in Resources */ = {isa = PBXBuildFile; fileRef = B42985A91F29E8E700AFFB97 /* Assets.xcassets */; };
		B42985AD1F29E8E700AFFB97 /* LaunchScreen.storyboard in Resources */ = {isa = PBXBuildFile; fileRef = B42985AB1F29E8E700AFFB97 /* LaunchScreen.storyboard */; };
		B42985B81F29E8E700AFFB97 /* TweeBoxTests.swift in Sources */ = {isa = PBXBuildFile; fileRef = B42985B71F29E8E700AFFB97 /* TweeBoxTests.swift */; };
		B42985C31F29E8E700AFFB97 /* TweeBoxUITests.swift in Sources */ = {isa = PBXBuildFile; fileRef = B42985C21F29E8E700AFFB97 /* TweeBoxUITests.swift */; };
		B43BB8B91F359F9A0011A301 /* Coordinates.swift in Sources */ = {isa = PBXBuildFile; fileRef = B43BB8B81F359F9A0011A301 /* Coordinates.swift */; };
		B43BB8BB1F35A2300011A301 /* Entity.swift in Sources */ = {isa = PBXBuildFile; fileRef = B43BB8BA1F35A2300011A301 /* Entity.swift */; };
		B43BB8BD1F35A4A40011A301 /* Place.swift in Sources */ = {isa = PBXBuildFile; fileRef = B43BB8BC1F35A4A40011A301 /* Place.swift */; };
		B43BBCAA1F3716F2002D0AE0 /* TimelineTableViewController.swift in Sources */ = {isa = PBXBuildFile; fileRef = B43BBCA91F3716F2002D0AE0 /* TimelineTableViewController.swift */; };
		B443A0ED1F2B36520021BB65 /* Timeline.swift in Sources */ = {isa = PBXBuildFile; fileRef = B443A0EC1F2B36520021BB65 /* Timeline.swift */; };
		B443A0F01F2B371A0021BB65 /* Tweet.swift in Sources */ = {isa = PBXBuildFile; fileRef = B443A0EF1F2B371A0021BB65 /* Tweet.swift */; };
		B443A0F21F2B38050021BB65 /* TwitterUser.swift in Sources */ = {isa = PBXBuildFile; fileRef = B443A0F11F2B38050021BB65 /* TwitterUser.swift */; };
		B443A0F41F2B39C30021BB65 /* TweetMedia.swift in Sources */ = {isa = PBXBuildFile; fileRef = B443A0F31F2B39C30021BB65 /* TweetMedia.swift */; };
		B443A0F61F2B43EB0021BB65 /* ResourceURL.swift in Sources */ = {isa = PBXBuildFile; fileRef = B443A0F51F2B43EB0021BB65 /* ResourceURL.swift */; };
		B443A0F81F2B44FD0021BB65 /* RESTfulClient.swift in Sources */ = {isa = PBXBuildFile; fileRef = B443A0F71F2B44FD0021BB65 /* RESTfulClient.swift */; };
		B443A0FA1F2B46370021BB65 /* Constants.swift in Sources */ = {isa = PBXBuildFile; fileRef = B443A0F91F2B46370021BB65 /* Constants.swift */; };
		B443A0FC1F2B70D40021BB65 /* Error.swift in Sources */ = {isa = PBXBuildFile; fileRef = B443A0FB1F2B70D40021BB65 /* Error.swift */; };
		B45F1D561F40645B00AF201C /* VideoViewerViewController.swift in Sources */ = {isa = PBXBuildFile; fileRef = B45F1D551F40645B00AF201C /* VideoViewerViewController.swift */; };
		B46242921F4419CF0074158A /* TwitterDate.swift in Sources */ = {isa = PBXBuildFile; fileRef = B46242911F4419CF0074158A /* TwitterDate.swift */; };
		B47E586B1F3C959900CA0C0A /* UserTimelineTableViewController.swift in Sources */ = {isa = PBXBuildFile; fileRef = B47E586A1F3C959900CA0C0A /* UserTimelineTableViewController.swift */; };
		B47E586F1F3D8A2F00CA0C0A /* ImageViewerViewController.swift in Sources */ = {isa = PBXBuildFile; fileRef = B47E586E1F3D8A2F00CA0C0A /* ImageViewerViewController.swift */; };
		B47E58711F3DACAC00CA0C0A /* PannableViewController.swift in Sources */ = {isa = PBXBuildFile; fileRef = B47E58701F3DACAC00CA0C0A /* PannableViewController.swift */; };
		B4B406321F40A0A500683124 /* EmbededPageViewController.swift in Sources */ = {isa = PBXBuildFile; fileRef = B4B406311F40A0A500683124 /* EmbededPageViewController.swift */; };
		B4B406341F40B2EA00683124 /* PageManagerViewController.swift in Sources */ = {isa = PBXBuildFile; fileRef = B4B406331F40B2EA00683124 /* PageManagerViewController.swift */; };
		B4B406361F4163E600683124 /* HomeTimelineTableViewController.swift in Sources */ = {isa = PBXBuildFile; fileRef = B4B406351F4163E600683124 /* HomeTimelineTableViewController.swift */; };
		B4B7C4C41F3ED26E00F424A0 /* NavigationViewControllerExtension.swift in Sources */ = {isa = PBXBuildFile; fileRef = B4B7C4C31F3ED26E00F424A0 /* NavigationViewControllerExtension.swift */; };
		B4CE12161F3ACCDF002D341E /* HomeTimelineParams.swift in Sources */ = {isa = PBXBuildFile; fileRef = B4CE12151F3ACCDF002D341E /* HomeTimelineParams.swift */; };
		B4CE12181F3AD60A002D341E /* TimelineParams.swift in Sources */ = {isa = PBXBuildFile; fileRef = B4CE12171F3AD60A002D341E /* TimelineParams.swift */; };
		B4E917141F43393700FD3A5F /* UserListParams.swift in Sources */ = {isa = PBXBuildFile; fileRef = B4E917131F43393700FD3A5F /* UserListParams.swift */; };
		B4E917161F433CE600FD3A5F /* UserList.swift in Sources */ = {isa = PBXBuildFile; fileRef = B4E917151F433CE600FD3A5F /* UserList.swift */; };
		B4E917191F4343D500FD3A5F /* UserListTableViewController.swift in Sources */ = {isa = PBXBuildFile; fileRef = B4E917181F4343D500FD3A5F /* UserListTableViewController.swift */; };
		B4E917231F43515B00FD3A5F /* TwitterUserTableViewCell.swift in Sources */ = {isa = PBXBuildFile; fileRef = B4E917221F43515B00FD3A5F /* TwitterUserTableViewCell.swift */; };
		B4EC26231F2F810700011DA0 /* UserTimelineParams.swift in Sources */ = {isa = PBXBuildFile; fileRef = B4EC26221F2F810700011DA0 /* UserTimelineParams.swift */; };
/* End PBXBuildFile section */

/* Begin PBXContainerItemProxy section */
		B42985B41F29E8E700AFFB97 /* PBXContainerItemProxy */ = {
			isa = PBXContainerItemProxy;
			containerPortal = B42985941F29E8E600AFFB97 /* Project object */;
			proxyType = 1;
			remoteGlobalIDString = B429859B1F29E8E600AFFB97;
			remoteInfo = TweeBox;
		};
		B42985BF1F29E8E700AFFB97 /* PBXContainerItemProxy */ = {
			isa = PBXContainerItemProxy;
			containerPortal = B42985941F29E8E600AFFB97 /* Project object */;
			proxyType = 1;
			remoteGlobalIDString = B429859B1F29E8E600AFFB97;
			remoteInfo = TweeBox;
		};
/* End PBXContainerItemProxy section */

/* Begin PBXFileReference section */
		27A3D1FDBA0152D8A2C9DA41 /* Pods-TweeBox.release.xcconfig */ = {isa = PBXFileReference; includeInIndex = 1; lastKnownFileType = text.xcconfig; name = "Pods-TweeBox.release.xcconfig"; path = "Pods/Target Support Files/Pods-TweeBox/Pods-TweeBox.release.xcconfig"; sourceTree = "<group>"; };
		9FACEDC042CE0399F01969AB /* Pods-TweeBox.debug.xcconfig */ = {isa = PBXFileReference; includeInIndex = 1; lastKnownFileType = text.xcconfig; name = "Pods-TweeBox.debug.xcconfig"; path = "Pods/Target Support Files/Pods-TweeBox/Pods-TweeBox.debug.xcconfig"; sourceTree = "<group>"; };
		B4092FF61F38BD6D00CAB109 /* TweetEntity.swift */ = {isa = PBXFileReference; fileEncoding = 4; lastKnownFileType = sourcecode.swift; path = TweetEntity.swift; sourceTree = "<group>"; };
		B4092FF81F38BECF00CAB109 /* TweetPhotoSize.swift */ = {isa = PBXFileReference; fileEncoding = 4; lastKnownFileType = sourcecode.swift; path = TweetPhotoSize.swift; sourceTree = "<group>"; };
		B4092FFA1F38C22000CAB109 /* TweetVideoInfo.swift */ = {isa = PBXFileReference; fileEncoding = 4; lastKnownFileType = sourcecode.swift; path = TweetVideoInfo.swift; sourceTree = "<group>"; };
		B4092FFE1F395FFD00CAB109 /* TweetWithTextTableViewCell.swift */ = {isa = PBXFileReference; fileEncoding = 4; lastKnownFileType = sourcecode.swift; path = TweetWithTextTableViewCell.swift; sourceTree = "<group>"; };
		B4092FFF1F395FFD00CAB109 /* TweetWithPicAndTextTableViewCell.swift */ = {isa = PBXFileReference; fileEncoding = 4; lastKnownFileType = sourcecode.swift; path = TweetWithPicAndTextTableViewCell.swift; sourceTree = "<group>"; };
		B40930031F3965B600CAB109 /* TweetTableViewCell.swift */ = {isa = PBXFileReference; fileEncoding = 4; lastKnownFileType = sourcecode.swift; path = TweetTableViewCell.swift; sourceTree = "<group>"; };
		B40930051F3966A000CAB109 /* TweetWithPicTableViewCell.swift */ = {isa = PBXFileReference; fileEncoding = 4; lastKnownFileType = sourcecode.swift; path = TweetWithPicTableViewCell.swift; sourceTree = "<group>"; };
		B40930071F3970FF00CAB109 /* URLExtension.swift */ = {isa = PBXFileReference; fileEncoding = 4; lastKnownFileType = sourcecode.swift; path = URLExtension.swift; sourceTree = "<group>"; };
		B40930091F39763E00CAB109 /* MediaSize.swift */ = {isa = PBXFileReference; fileEncoding = 4; lastKnownFileType = sourcecode.swift; path = MediaSize.swift; sourceTree = "<group>"; };
		B429859C1F29E8E700AFFB97 /* TweeBox.app */ = {isa = PBXFileReference; explicitFileType = wrapper.application; includeInIndex = 0; path = TweeBox.app; sourceTree = BUILT_PRODUCTS_DIR; };
		B429859F1F29E8E700AFFB97 /* AppDelegate.swift */ = {isa = PBXFileReference; lastKnownFileType = sourcecode.swift; path = AppDelegate.swift; sourceTree = "<group>"; };
		B42985A11F29E8E700AFFB97 /* LoginViewController.swift */ = {isa = PBXFileReference; lastKnownFileType = sourcecode.swift; path = LoginViewController.swift; sourceTree = "<group>"; };
		B42985A41F29E8E700AFFB97 /* Base */ = {isa = PBXFileReference; lastKnownFileType = file.storyboard; name = Base; path = Base.lproj/Main.storyboard; sourceTree = "<group>"; };
		B42985A71F29E8E700AFFB97 /* TweeBox.xcdatamodel */ = {isa = PBXFileReference; lastKnownFileType = wrapper.xcdatamodel; path = TweeBox.xcdatamodel; sourceTree = "<group>"; };
		B42985A91F29E8E700AFFB97 /* Assets.xcassets */ = {isa = PBXFileReference; lastKnownFileType = folder.assetcatalog; path = Assets.xcassets; sourceTree = "<group>"; };
		B42985AC1F29E8E700AFFB97 /* Base */ = {isa = PBXFileReference; lastKnownFileType = file.storyboard; name = Base; path = Base.lproj/LaunchScreen.storyboard; sourceTree = "<group>"; };
		B42985AE1F29E8E700AFFB97 /* Info.plist */ = {isa = PBXFileReference; lastKnownFileType = text.plist.xml; path = Info.plist; sourceTree = "<group>"; };
		B42985B31F29E8E700AFFB97 /* TweeBoxTests.xctest */ = {isa = PBXFileReference; explicitFileType = wrapper.cfbundle; includeInIndex = 0; path = TweeBoxTests.xctest; sourceTree = BUILT_PRODUCTS_DIR; };
		B42985B71F29E8E700AFFB97 /* TweeBoxTests.swift */ = {isa = PBXFileReference; lastKnownFileType = sourcecode.swift; path = TweeBoxTests.swift; sourceTree = "<group>"; };
		B42985B91F29E8E700AFFB97 /* Info.plist */ = {isa = PBXFileReference; lastKnownFileType = text.plist.xml; path = Info.plist; sourceTree = "<group>"; };
		B42985BE1F29E8E700AFFB97 /* TweeBoxUITests.xctest */ = {isa = PBXFileReference; explicitFileType = wrapper.cfbundle; includeInIndex = 0; path = TweeBoxUITests.xctest; sourceTree = BUILT_PRODUCTS_DIR; };
		B42985C21F29E8E700AFFB97 /* TweeBoxUITests.swift */ = {isa = PBXFileReference; lastKnownFileType = sourcecode.swift; path = TweeBoxUITests.swift; sourceTree = "<group>"; };
		B42985C41F29E8E700AFFB97 /* Info.plist */ = {isa = PBXFileReference; lastKnownFileType = text.plist.xml; path = Info.plist; sourceTree = "<group>"; };
		B43BB8B81F359F9A0011A301 /* Coordinates.swift */ = {isa = PBXFileReference; fileEncoding = 4; lastKnownFileType = sourcecode.swift; path = Coordinates.swift; sourceTree = "<group>"; };
		B43BB8BA1F35A2300011A301 /* Entity.swift */ = {isa = PBXFileReference; fileEncoding = 4; lastKnownFileType = sourcecode.swift; path = Entity.swift; sourceTree = "<group>"; };
		B43BB8BC1F35A4A40011A301 /* Place.swift */ = {isa = PBXFileReference; fileEncoding = 4; lastKnownFileType = sourcecode.swift; path = Place.swift; sourceTree = "<group>"; };
		B43BBCA91F3716F2002D0AE0 /* TimelineTableViewController.swift */ = {isa = PBXFileReference; fileEncoding = 4; lastKnownFileType = sourcecode.swift; path = TimelineTableViewController.swift; sourceTree = "<group>"; };
		B443A0EC1F2B36520021BB65 /* Timeline.swift */ = {isa = PBXFileReference; fileEncoding = 4; lastKnownFileType = sourcecode.swift; path = Timeline.swift; sourceTree = "<group>"; };
		B443A0EF1F2B371A0021BB65 /* Tweet.swift */ = {isa = PBXFileReference; fileEncoding = 4; lastKnownFileType = sourcecode.swift; path = Tweet.swift; sourceTree = "<group>"; };
		B443A0F11F2B38050021BB65 /* TwitterUser.swift */ = {isa = PBXFileReference; fileEncoding = 4; lastKnownFileType = sourcecode.swift; path = TwitterUser.swift; sourceTree = "<group>"; };
		B443A0F31F2B39C30021BB65 /* TweetMedia.swift */ = {isa = PBXFileReference; fileEncoding = 4; lastKnownFileType = sourcecode.swift; path = TweetMedia.swift; sourceTree = "<group>"; };
		B443A0F51F2B43EB0021BB65 /* ResourceURL.swift */ = {isa = PBXFileReference; fileEncoding = 4; lastKnownFileType = sourcecode.swift; path = ResourceURL.swift; sourceTree = "<group>"; };
		B443A0F71F2B44FD0021BB65 /* RESTfulClient.swift */ = {isa = PBXFileReference; fileEncoding = 4; lastKnownFileType = sourcecode.swift; path = RESTfulClient.swift; sourceTree = "<group>"; };
		B443A0F91F2B46370021BB65 /* Constants.swift */ = {isa = PBXFileReference; fileEncoding = 4; lastKnownFileType = sourcecode.swift; path = Constants.swift; sourceTree = "<group>"; };
		B443A0FB1F2B70D40021BB65 /* Error.swift */ = {isa = PBXFileReference; fileEncoding = 4; lastKnownFileType = sourcecode.swift; path = Error.swift; sourceTree = "<group>"; };
		B45F1D551F40645B00AF201C /* VideoViewerViewController.swift */ = {isa = PBXFileReference; fileEncoding = 4; lastKnownFileType = sourcecode.swift; path = VideoViewerViewController.swift; sourceTree = "<group>"; };
		B46242911F4419CF0074158A /* TwitterDate.swift */ = {isa = PBXFileReference; fileEncoding = 4; lastKnownFileType = sourcecode.swift; path = TwitterDate.swift; sourceTree = "<group>"; };
		B47E586A1F3C959900CA0C0A /* UserTimelineTableViewController.swift */ = {isa = PBXFileReference; fileEncoding = 4; lastKnownFileType = sourcecode.swift; path = UserTimelineTableViewController.swift; sourceTree = "<group>"; };
		B47E586E1F3D8A2F00CA0C0A /* ImageViewerViewController.swift */ = {isa = PBXFileReference; fileEncoding = 4; lastKnownFileType = sourcecode.swift; path = ImageViewerViewController.swift; sourceTree = "<group>"; };
		B47E58701F3DACAC00CA0C0A /* PannableViewController.swift */ = {isa = PBXFileReference; fileEncoding = 4; lastKnownFileType = sourcecode.swift; path = PannableViewController.swift; sourceTree = "<group>"; };
		B4B406311F40A0A500683124 /* EmbededPageViewController.swift */ = {isa = PBXFileReference; fileEncoding = 4; lastKnownFileType = sourcecode.swift; path = EmbededPageViewController.swift; sourceTree = "<group>"; };
		B4B406331F40B2EA00683124 /* PageManagerViewController.swift */ = {isa = PBXFileReference; fileEncoding = 4; lastKnownFileType = sourcecode.swift; path = PageManagerViewController.swift; sourceTree = "<group>"; };
		B4B406351F4163E600683124 /* HomeTimelineTableViewController.swift */ = {isa = PBXFileReference; fileEncoding = 4; lastKnownFileType = sourcecode.swift; path = HomeTimelineTableViewController.swift; sourceTree = "<group>"; };
		B4B7C4C31F3ED26E00F424A0 /* NavigationViewControllerExtension.swift */ = {isa = PBXFileReference; fileEncoding = 4; lastKnownFileType = sourcecode.swift; path = NavigationViewControllerExtension.swift; sourceTree = "<group>"; };
		B4CE12151F3ACCDF002D341E /* HomeTimelineParams.swift */ = {isa = PBXFileReference; fileEncoding = 4; lastKnownFileType = sourcecode.swift; path = HomeTimelineParams.swift; sourceTree = "<group>"; };
		B4CE12171F3AD60A002D341E /* TimelineParams.swift */ = {isa = PBXFileReference; fileEncoding = 4; lastKnownFileType = sourcecode.swift; path = TimelineParams.swift; sourceTree = "<group>"; };
		B4E917131F43393700FD3A5F /* UserListParams.swift */ = {isa = PBXFileReference; fileEncoding = 4; lastKnownFileType = sourcecode.swift; path = UserListParams.swift; sourceTree = "<group>"; };
		B4E917151F433CE600FD3A5F /* UserList.swift */ = {isa = PBXFileReference; fileEncoding = 4; lastKnownFileType = sourcecode.swift; path = UserList.swift; sourceTree = "<group>"; };
		B4E917181F4343D500FD3A5F /* UserListTableViewController.swift */ = {isa = PBXFileReference; fileEncoding = 4; lastKnownFileType = sourcecode.swift; path = UserListTableViewController.swift; sourceTree = "<group>"; };
		B4E917221F43515B00FD3A5F /* TwitterUserTableViewCell.swift */ = {isa = PBXFileReference; fileEncoding = 4; lastKnownFileType = sourcecode.swift; path = TwitterUserTableViewCell.swift; sourceTree = "<group>"; };
		B4EC26221F2F810700011DA0 /* UserTimelineParams.swift */ = {isa = PBXFileReference; fileEncoding = 4; lastKnownFileType = sourcecode.swift; path = UserTimelineParams.swift; sourceTree = "<group>"; };
		E8E3A1C5C0DABB6C344B4147 /* Pods_TweeBox.framework */ = {isa = PBXFileReference; explicitFileType = wrapper.framework; includeInIndex = 0; path = Pods_TweeBox.framework; sourceTree = BUILT_PRODUCTS_DIR; };
/* End PBXFileReference section */

/* Begin PBXFrameworksBuildPhase section */
		B42985991F29E8E600AFFB97 /* Frameworks */ = {
			isa = PBXFrameworksBuildPhase;
			buildActionMask = 2147483647;
			files = (
				B230F5DCBCAADB2F8B3CD0F2 /* Pods_TweeBox.framework in Frameworks */,
			);
			runOnlyForDeploymentPostprocessing = 0;
		};
		B42985B01F29E8E700AFFB97 /* Frameworks */ = {
			isa = PBXFrameworksBuildPhase;
			buildActionMask = 2147483647;
			files = (
			);
			runOnlyForDeploymentPostprocessing = 0;
		};
		B42985BB1F29E8E700AFFB97 /* Frameworks */ = {
			isa = PBXFrameworksBuildPhase;
			buildActionMask = 2147483647;
			files = (
			);
			runOnlyForDeploymentPostprocessing = 0;
		};
/* End PBXFrameworksBuildPhase section */

/* Begin PBXGroup section */
		38ED08F3A9EC4898F46645E4 /* Pods */ = {
			isa = PBXGroup;
			children = (
				9FACEDC042CE0399F01969AB /* Pods-TweeBox.debug.xcconfig */,
				27A3D1FDBA0152D8A2C9DA41 /* Pods-TweeBox.release.xcconfig */,
			);
			name = Pods;
			sourceTree = "<group>";
		};
		B4092FFC1F38C25C00CAB109 /* Entity */ = {
			isa = PBXGroup;
			children = (
				B43BB8BA1F35A2300011A301 /* Entity.swift */,
				B4092FF61F38BD6D00CAB109 /* TweetEntity.swift */,
				B4092FF81F38BECF00CAB109 /* TweetPhotoSize.swift */,
				B443A0F31F2B39C30021BB65 /* TweetMedia.swift */,
				B4092FFA1F38C22000CAB109 /* TweetVideoInfo.swift */,
			);
			name = Entity;
			sourceTree = "<group>";
		};
		B4092FFD1F38C29A00CAB109 /* TwitterBasic */ = {
			isa = PBXGroup;
			children = (
				B4092FFC1F38C25C00CAB109 /* Entity */,
				B443A0EF1F2B371A0021BB65 /* Tweet.swift */,
				B46242911F4419CF0074158A /* TwitterDate.swift */,
				B43BB8BC1F35A4A40011A301 /* Place.swift */,
				B43BB8B81F359F9A0011A301 /* Coordinates.swift */,
				B443A0F11F2B38050021BB65 /* TwitterUser.swift */,
			);
			name = TwitterBasic;
			sourceTree = "<group>";
		};
		B40930021F39600C00CAB109 /* Cell */ = {
			isa = PBXGroup;
			children = (
				B4E917211F43512A00FD3A5F /* Timeline */,
				B4E917221F43515B00FD3A5F /* TwitterUserTableViewCell.swift */,
			);
			name = Cell;
			sourceTree = "<group>";
		};
		B42985931F29E8E600AFFB97 = {
			isa = PBXGroup;
			children = (
				B429859E1F29E8E700AFFB97 /* TweeBox */,
				B42985B61F29E8E700AFFB97 /* TweeBoxTests */,
				B42985C11F29E8E700AFFB97 /* TweeBoxUITests */,
				B429859D1F29E8E700AFFB97 /* Products */,
				38ED08F3A9EC4898F46645E4 /* Pods */,
				F236D003DD7F3DF8F5F69B99 /* Frameworks */,
			);
			sourceTree = "<group>";
		};
		B429859D1F29E8E700AFFB97 /* Products */ = {
			isa = PBXGroup;
			children = (
				B429859C1F29E8E700AFFB97 /* TweeBox.app */,
				B42985B31F29E8E700AFFB97 /* TweeBoxTests.xctest */,
				B42985BE1F29E8E700AFFB97 /* TweeBoxUITests.xctest */,
			);
			name = Products;
			sourceTree = "<group>";
		};
		B429859E1F29E8E700AFFB97 /* TweeBox */ = {
			isa = PBXGroup;
			children = (
				B42985A31F29E8E700AFFB97 /* Main.storyboard */,
				B443A0EE1F2B36A50021BB65 /* Model */,
				B46A53861F32147F00F0D66E /* ViewController */,
				B429859F1F29E8E700AFFB97 /* AppDelegate.swift */,
				B40930021F39600C00CAB109 /* Cell */,
				B42985A91F29E8E700AFFB97 /* Assets.xcassets */,
				B42985AB1F29E8E700AFFB97 /* LaunchScreen.storyboard */,
				B42985AE1F29E8E700AFFB97 /* Info.plist */,
				B42985A61F29E8E700AFFB97 /* TweeBox.xcdatamodeld */,
				B4E917261F43558900FD3A5F /* Extensions */,
				B40930091F39763E00CAB109 /* MediaSize.swift */,
				B4B7C4C31F3ED26E00F424A0 /* NavigationViewControllerExtension.swift */,
			);
			path = TweeBox;
			sourceTree = "<group>";
		};
		B42985B61F29E8E700AFFB97 /* TweeBoxTests */ = {
			isa = PBXGroup;
			children = (
				B42985B71F29E8E700AFFB97 /* TweeBoxTests.swift */,
				B42985B91F29E8E700AFFB97 /* Info.plist */,
			);
			path = TweeBoxTests;
			sourceTree = "<group>";
		};
		B42985C11F29E8E700AFFB97 /* TweeBoxUITests */ = {
			isa = PBXGroup;
			children = (
				B42985C21F29E8E700AFFB97 /* TweeBoxUITests.swift */,
				B42985C41F29E8E700AFFB97 /* Info.plist */,
			);
			path = TweeBoxUITests;
			sourceTree = "<group>";
		};
		B443A0EE1F2B36A50021BB65 /* Model */ = {
			isa = PBXGroup;
			children = (
				B4092FFD1F38C29A00CAB109 /* TwitterBasic */,
				B443A0FB1F2B70D40021BB65 /* Error.swift */,
				B4CE12191F3AD675002D341E /* Timeline */,
				B443A0F51F2B43EB0021BB65 /* ResourceURL.swift */,
				B4E917171F433CEC00FD3A5F /* User List */,
				B443A0F71F2B44FD0021BB65 /* RESTfulClient.swift */,
				B443A0F91F2B46370021BB65 /* Constants.swift */,
			);
			name = Model;
			sourceTree = "<group>";
		};
		B46A53861F32147F00F0D66E /* ViewController */ = {
			isa = PBXGroup;
			children = (
				B42985A11F29E8E700AFFB97 /* LoginViewController.swift */,
				B4E9171C1F43486600FD3A5F /* Timeline */,
				B4E9171D1F43487700FD3A5F /* Media Viewer */,
				B47E58701F3DACAC00CA0C0A /* PannableViewController.swift */,
				B4E917181F4343D500FD3A5F /* UserListTableViewController.swift */,
			);
			name = ViewController;
			sourceTree = "<group>";
		};
		B4CE12191F3AD675002D341E /* Timeline */ = {
			isa = PBXGroup;
			children = (
				B443A0EC1F2B36520021BB65 /* Timeline.swift */,
				B4EC26221F2F810700011DA0 /* UserTimelineParams.swift */,
				B4CE12151F3ACCDF002D341E /* HomeTimelineParams.swift */,
				B4CE12171F3AD60A002D341E /* TimelineParams.swift */,
			);
			name = Timeline;
			sourceTree = "<group>";
		};
		B4E917171F433CEC00FD3A5F /* User List */ = {
			isa = PBXGroup;
			children = (
				B4E917131F43393700FD3A5F /* UserListParams.swift */,
				B4E917151F433CE600FD3A5F /* UserList.swift */,
			);
			name = "User List";
			sourceTree = "<group>";
		};
		B4E9171C1F43486600FD3A5F /* Timeline */ = {
			isa = PBXGroup;
			children = (
				B43BBCA91F3716F2002D0AE0 /* TimelineTableViewController.swift */,
				B47E586A1F3C959900CA0C0A /* UserTimelineTableViewController.swift */,
				B4B406351F4163E600683124 /* HomeTimelineTableViewController.swift */,
			);
			name = Timeline;
			sourceTree = "<group>";
		};
		B4E9171D1F43487700FD3A5F /* Media Viewer */ = {
			isa = PBXGroup;
			children = (
				B47E586E1F3D8A2F00CA0C0A /* ImageViewerViewController.swift */,
				B4B406311F40A0A500683124 /* EmbededPageViewController.swift */,
				B4B406331F40B2EA00683124 /* PageManagerViewController.swift */,
				B45F1D551F40645B00AF201C /* VideoViewerViewController.swift */,
			);
			name = "Media Viewer";
			sourceTree = "<group>";
		};
		B4E917211F43512A00FD3A5F /* Timeline */ = {
			isa = PBXGroup;
			children = (
				B40930031F3965B600CAB109 /* TweetTableViewCell.swift */,
				B4092FFE1F395FFD00CAB109 /* TweetWithTextTableViewCell.swift */,
				B40930051F3966A000CAB109 /* TweetWithPicTableViewCell.swift */,
				B4092FFF1F395FFD00CAB109 /* TweetWithPicAndTextTableViewCell.swift */,
			);
			name = Timeline;
			sourceTree = "<group>";
		};
		B4E917261F43558900FD3A5F /* Extensions */ = {
			isa = PBXGroup;
			children = (
				B40930071F3970FF00CAB109 /* URLExtension.swift */,
			);
			name = Extensions;
			sourceTree = "<group>";
		};
		F236D003DD7F3DF8F5F69B99 /* Frameworks */ = {
			isa = PBXGroup;
			children = (
				E8E3A1C5C0DABB6C344B4147 /* Pods_TweeBox.framework */,
			);
			name = Frameworks;
			sourceTree = "<group>";
		};
/* End PBXGroup section */

/* Begin PBXNativeTarget section */
		B429859B1F29E8E600AFFB97 /* TweeBox */ = {
			isa = PBXNativeTarget;
			buildConfigurationList = B42985C71F29E8E700AFFB97 /* Build configuration list for PBXNativeTarget "TweeBox" */;
			buildPhases = (
				AC43473CB3CF46957A0A52C2 /* [CP] Check Pods Manifest.lock */,
				B42985981F29E8E600AFFB97 /* Sources */,
				B42985991F29E8E600AFFB97 /* Frameworks */,
				B429859A1F29E8E600AFFB97 /* Resources */,
				431C1F722E20285CCEE30E57 /* [CP] Embed Pods Frameworks */,
				E26B7E4E4464EBC7B9EE44BC /* [CP] Copy Pods Resources */,
			);
			buildRules = (
			);
			dependencies = (
			);
			name = TweeBox;
			productName = TweeBox;
			productReference = B429859C1F29E8E700AFFB97 /* TweeBox.app */;
			productType = "com.apple.product-type.application";
		};
		B42985B21F29E8E700AFFB97 /* TweeBoxTests */ = {
			isa = PBXNativeTarget;
			buildConfigurationList = B42985CA1F29E8E700AFFB97 /* Build configuration list for PBXNativeTarget "TweeBoxTests" */;
			buildPhases = (
				B42985AF1F29E8E700AFFB97 /* Sources */,
				B42985B01F29E8E700AFFB97 /* Frameworks */,
				B42985B11F29E8E700AFFB97 /* Resources */,
			);
			buildRules = (
			);
			dependencies = (
				B42985B51F29E8E700AFFB97 /* PBXTargetDependency */,
			);
			name = TweeBoxTests;
			productName = TweeBoxTests;
			productReference = B42985B31F29E8E700AFFB97 /* TweeBoxTests.xctest */;
			productType = "com.apple.product-type.bundle.unit-test";
		};
		B42985BD1F29E8E700AFFB97 /* TweeBoxUITests */ = {
			isa = PBXNativeTarget;
			buildConfigurationList = B42985CD1F29E8E700AFFB97 /* Build configuration list for PBXNativeTarget "TweeBoxUITests" */;
			buildPhases = (
				B42985BA1F29E8E700AFFB97 /* Sources */,
				B42985BB1F29E8E700AFFB97 /* Frameworks */,
				B42985BC1F29E8E700AFFB97 /* Resources */,
			);
			buildRules = (
			);
			dependencies = (
				B42985C01F29E8E700AFFB97 /* PBXTargetDependency */,
			);
			name = TweeBoxUITests;
			productName = TweeBoxUITests;
			productReference = B42985BE1F29E8E700AFFB97 /* TweeBoxUITests.xctest */;
			productType = "com.apple.product-type.bundle.ui-testing";
		};
/* End PBXNativeTarget section */

/* Begin PBXProject section */
		B42985941F29E8E600AFFB97 /* Project object */ = {
			isa = PBXProject;
			attributes = {
				LastSwiftUpdateCheck = 0830;
				LastUpgradeCheck = 0830;
				ORGANIZATIONNAME = 4faramita;
				TargetAttributes = {
					B429859B1F29E8E600AFFB97 = {
						CreatedOnToolsVersion = 8.3.3;
						DevelopmentTeam = QGE9B9WP7D;
						ProvisioningStyle = Automatic;
					};
					B42985B21F29E8E700AFFB97 = {
						CreatedOnToolsVersion = 8.3.3;
						DevelopmentTeam = QGE9B9WP7D;
						ProvisioningStyle = Automatic;
						TestTargetID = B429859B1F29E8E600AFFB97;
					};
					B42985BD1F29E8E700AFFB97 = {
						CreatedOnToolsVersion = 8.3.3;
						DevelopmentTeam = QGE9B9WP7D;
						ProvisioningStyle = Automatic;
						TestTargetID = B429859B1F29E8E600AFFB97;
					};
				};
			};
			buildConfigurationList = B42985971F29E8E600AFFB97 /* Build configuration list for PBXProject "TweeBox" */;
			compatibilityVersion = "Xcode 3.2";
			developmentRegion = English;
			hasScannedForEncodings = 0;
			knownRegions = (
				en,
				Base,
			);
			mainGroup = B42985931F29E8E600AFFB97;
			productRefGroup = B429859D1F29E8E700AFFB97 /* Products */;
			projectDirPath = "";
			projectRoot = "";
			targets = (
				B429859B1F29E8E600AFFB97 /* TweeBox */,
				B42985B21F29E8E700AFFB97 /* TweeBoxTests */,
				B42985BD1F29E8E700AFFB97 /* TweeBoxUITests */,
			);
		};
/* End PBXProject section */

/* Begin PBXResourcesBuildPhase section */
		B429859A1F29E8E600AFFB97 /* Resources */ = {
			isa = PBXResourcesBuildPhase;
			buildActionMask = 2147483647;
			files = (
				B42985AD1F29E8E700AFFB97 /* LaunchScreen.storyboard in Resources */,
				B42985AA1F29E8E700AFFB97 /* Assets.xcassets in Resources */,
				B42985A51F29E8E700AFFB97 /* Main.storyboard in Resources */,
			);
			runOnlyForDeploymentPostprocessing = 0;
		};
		B42985B11F29E8E700AFFB97 /* Resources */ = {
			isa = PBXResourcesBuildPhase;
			buildActionMask = 2147483647;
			files = (
			);
			runOnlyForDeploymentPostprocessing = 0;
		};
		B42985BC1F29E8E700AFFB97 /* Resources */ = {
			isa = PBXResourcesBuildPhase;
			buildActionMask = 2147483647;
			files = (
			);
			runOnlyForDeploymentPostprocessing = 0;
		};
/* End PBXResourcesBuildPhase section */

/* Begin PBXShellScriptBuildPhase section */
		431C1F722E20285CCEE30E57 /* [CP] Embed Pods Frameworks */ = {
			isa = PBXShellScriptBuildPhase;
			buildActionMask = 2147483647;
			files = (
			);
			inputPaths = (
				"${SRCROOT}/Pods/Target Support Files/Pods-TweeBox/Pods-TweeBox-frameworks.sh",
				"${BUILT_PRODUCTS_DIR}/AMScrollingNavbar/AMScrollingNavbar.framework",
				"${BUILT_PRODUCTS_DIR}/BMPlayer/BMPlayer.framework",
				"${BUILT_PRODUCTS_DIR}/DateToolsSwift/DateToolsSwift.framework",
				"${BUILT_PRODUCTS_DIR}/Kingfisher/Kingfisher.framework",
				"${BUILT_PRODUCTS_DIR}/MXParallaxHeader/MXParallaxHeader.framework",
				"${BUILT_PRODUCTS_DIR}/NVActivityIndicatorView/NVActivityIndicatorView.framework",
				"${BUILT_PRODUCTS_DIR}/SnapKit/SnapKit.framework",
				"${BUILT_PRODUCTS_DIR}/SwiftyJSON/SwiftyJSON.framework",
				"${BUILT_PRODUCTS_DIR}/VisualEffectView/VisualEffectView.framework",
				"${BUILT_PRODUCTS_DIR}/Whisper/Whisper.framework",
			);
			name = "[CP] Embed Pods Frameworks";
			outputPaths = (
				"${TARGET_BUILD_DIR}/${FRAMEWORKS_FOLDER_PATH}/AMScrollingNavbar.framework",
				"${TARGET_BUILD_DIR}/${FRAMEWORKS_FOLDER_PATH}/BMPlayer.framework",
				"${TARGET_BUILD_DIR}/${FRAMEWORKS_FOLDER_PATH}/DateToolsSwift.framework",
				"${TARGET_BUILD_DIR}/${FRAMEWORKS_FOLDER_PATH}/Kingfisher.framework",
				"${TARGET_BUILD_DIR}/${FRAMEWORKS_FOLDER_PATH}/MXParallaxHeader.framework",
				"${TARGET_BUILD_DIR}/${FRAMEWORKS_FOLDER_PATH}/NVActivityIndicatorView.framework",
				"${TARGET_BUILD_DIR}/${FRAMEWORKS_FOLDER_PATH}/SnapKit.framework",
				"${TARGET_BUILD_DIR}/${FRAMEWORKS_FOLDER_PATH}/SwiftyJSON.framework",
				"${TARGET_BUILD_DIR}/${FRAMEWORKS_FOLDER_PATH}/VisualEffectView.framework",
				"${TARGET_BUILD_DIR}/${FRAMEWORKS_FOLDER_PATH}/Whisper.framework",
			);
			runOnlyForDeploymentPostprocessing = 0;
			shellPath = /bin/sh;
			shellScript = "\"${SRCROOT}/Pods/Target Support Files/Pods-TweeBox/Pods-TweeBox-frameworks.sh\"\n";
			showEnvVarsInLog = 0;
		};
		AC43473CB3CF46957A0A52C2 /* [CP] Check Pods Manifest.lock */ = {
			isa = PBXShellScriptBuildPhase;
			buildActionMask = 2147483647;
			files = (
			);
			inputPaths = (
				"${PODS_PODFILE_DIR_PATH}/Podfile.lock",
				"${PODS_ROOT}/Manifest.lock",
			);
			name = "[CP] Check Pods Manifest.lock";
			outputPaths = (
				"$(DERIVED_FILE_DIR)/Pods-TweeBox-checkManifestLockResult.txt",
			);
			runOnlyForDeploymentPostprocessing = 0;
			shellPath = /bin/sh;
			shellScript = "diff \"${PODS_PODFILE_DIR_PATH}/Podfile.lock\" \"${PODS_ROOT}/Manifest.lock\" > /dev/null\nif [ $? != 0 ] ; then\n    # print error to STDERR\n    echo \"error: The sandbox is not in sync with the Podfile.lock. Run 'pod install' or update your CocoaPods installation.\" >&2\n    exit 1\nfi\n# This output is used by Xcode 'outputs' to avoid re-running this script phase.\necho \"SUCCESS\" > \"${SCRIPT_OUTPUT_FILE_0}\"\n";
			showEnvVarsInLog = 0;
		};
		E26B7E4E4464EBC7B9EE44BC /* [CP] Copy Pods Resources */ = {
			isa = PBXShellScriptBuildPhase;
			buildActionMask = 2147483647;
			files = (
			);
			inputPaths = (
				"${SRCROOT}/Pods/Target Support Files/Pods-TweeBox/Pods-TweeBox-resources.sh",
				"${PODS_ROOT}/TwitterKit/iOS/TwitterKit.framework/TwitterKitResources.bundle",
				"${PODS_ROOT}/TwitterKit/iOS/TwitterKit.framework/TwitterShareExtensionUIResources.bundle",
			);
			name = "[CP] Copy Pods Resources";
			outputPaths = (
				"${TARGET_BUILD_DIR}/${UNLOCALIZED_RESOURCES_FOLDER_PATH}",
			);
			runOnlyForDeploymentPostprocessing = 0;
			shellPath = /bin/sh;
			shellScript = "\"${SRCROOT}/Pods/Target Support Files/Pods-TweeBox/Pods-TweeBox-resources.sh\"\n";
			showEnvVarsInLog = 0;
		};
/* End PBXShellScriptBuildPhase section */

/* Begin PBXSourcesBuildPhase section */
		B42985981F29E8E600AFFB97 /* Sources */ = {
			isa = PBXSourcesBuildPhase;
			buildActionMask = 2147483647;
			files = (
				B42985A81F29E8E700AFFB97 /* TweeBox.xcdatamodeld in Sources */,
				B4B406341F40B2EA00683124 /* PageManagerViewController.swift in Sources */,
				B4EC26231F2F810700011DA0 /* UserTimelineParams.swift in Sources */,
				B4E917231F43515B00FD3A5F /* TwitterUserTableViewCell.swift in Sources */,
				B443A0F01F2B371A0021BB65 /* Tweet.swift in Sources */,
				B40930001F395FFD00CAB109 /* TweetWithTextTableViewCell.swift in Sources */,
				B443A0F41F2B39C30021BB65 /* TweetMedia.swift in Sources */,
				B47E58711F3DACAC00CA0C0A /* PannableViewController.swift in Sources */,
				B40930081F39710000CAB109 /* URLExtension.swift in Sources */,
				B409300A1F39763E00CAB109 /* MediaSize.swift in Sources */,
				B4B406361F4163E600683124 /* HomeTimelineTableViewController.swift in Sources */,
				B43BB8BB1F35A2300011A301 /* Entity.swift in Sources */,
				B43BB8BD1F35A4A40011A301 /* Place.swift in Sources */,
				B443A0F21F2B38050021BB65 /* TwitterUser.swift in Sources */,
				B45F1D561F40645B00AF201C /* VideoViewerViewController.swift in Sources */,
				B40930011F395FFD00CAB109 /* TweetWithPicAndTextTableViewCell.swift in Sources */,
				B42985A21F29E8E700AFFB97 /* LoginViewController.swift in Sources */,
				B4B7C4C41F3ED26E00F424A0 /* NavigationViewControllerExtension.swift in Sources */,
				B4E917161F433CE600FD3A5F /* UserList.swift in Sources */,
				B443A0FA1F2B46370021BB65 /* Constants.swift in Sources */,
				B4092FF91F38BECF00CAB109 /* TweetPhotoSize.swift in Sources */,
				B4CE12181F3AD60A002D341E /* TimelineParams.swift in Sources */,
				B4092FF71F38BD6D00CAB109 /* TweetEntity.swift in Sources */,
				B4092FFB1F38C22000CAB109 /* TweetVideoInfo.swift in Sources */,
				B443A0ED1F2B36520021BB65 /* Timeline.swift in Sources */,
				B4CE12161F3ACCDF002D341E /* HomeTimelineParams.swift in Sources */,
				B443A0FC1F2B70D40021BB65 /* Error.swift in Sources */,
				B43BB8B91F359F9A0011A301 /* Coordinates.swift in Sources */,
				B4B406321F40A0A500683124 /* EmbededPageViewController.swift in Sources */,
				B46242921F4419CF0074158A /* TwitterDate.swift in Sources */,
				B40930041F3965B600CAB109 /* TweetTableViewCell.swift in Sources */,
				B47E586F1F3D8A2F00CA0C0A /* ImageViewerViewController.swift in Sources */,
				B4E917141F43393700FD3A5F /* UserListParams.swift in Sources */,
				B42985A01F29E8E700AFFB97 /* AppDelegate.swift in Sources */,
				B443A0F61F2B43EB0021BB65 /* ResourceURL.swift in Sources */,
				B43BBCAA1F3716F2002D0AE0 /* TimelineTableViewController.swift in Sources */,
				B4E917191F4343D500FD3A5F /* UserListTableViewController.swift in Sources */,
				B47E586B1F3C959900CA0C0A /* UserTimelineTableViewController.swift in Sources */,
				B40930061F3966A000CAB109 /* TweetWithPicTableViewCell.swift in Sources */,
				B443A0F81F2B44FD0021BB65 /* RESTfulClient.swift in Sources */,
			);
			runOnlyForDeploymentPostprocessing = 0;
		};
		B42985AF1F29E8E700AFFB97 /* Sources */ = {
			isa = PBXSourcesBuildPhase;
			buildActionMask = 2147483647;
			files = (
				B42985B81F29E8E700AFFB97 /* TweeBoxTests.swift in Sources */,
			);
			runOnlyForDeploymentPostprocessing = 0;
		};
		B42985BA1F29E8E700AFFB97 /* Sources */ = {
			isa = PBXSourcesBuildPhase;
			buildActionMask = 2147483647;
			files = (
				B42985C31F29E8E700AFFB97 /* TweeBoxUITests.swift in Sources */,
			);
			runOnlyForDeploymentPostprocessing = 0;
		};
/* End PBXSourcesBuildPhase section */

/* Begin PBXTargetDependency section */
		B42985B51F29E8E700AFFB97 /* PBXTargetDependency */ = {
			isa = PBXTargetDependency;
			target = B429859B1F29E8E600AFFB97 /* TweeBox */;
			targetProxy = B42985B41F29E8E700AFFB97 /* PBXContainerItemProxy */;
		};
		B42985C01F29E8E700AFFB97 /* PBXTargetDependency */ = {
			isa = PBXTargetDependency;
			target = B429859B1F29E8E600AFFB97 /* TweeBox */;
			targetProxy = B42985BF1F29E8E700AFFB97 /* PBXContainerItemProxy */;
		};
/* End PBXTargetDependency section */

/* Begin PBXVariantGroup section */
		B42985A31F29E8E700AFFB97 /* Main.storyboard */ = {
			isa = PBXVariantGroup;
			children = (
				B42985A41F29E8E700AFFB97 /* Base */,
			);
			name = Main.storyboard;
			sourceTree = "<group>";
		};
		B42985AB1F29E8E700AFFB97 /* LaunchScreen.storyboard */ = {
			isa = PBXVariantGroup;
			children = (
				B42985AC1F29E8E700AFFB97 /* Base */,
			);
			name = LaunchScreen.storyboard;
			sourceTree = "<group>";
		};
/* End PBXVariantGroup section */

/* Begin XCBuildConfiguration section */
		B42985C51F29E8E700AFFB97 /* Debug */ = {
			isa = XCBuildConfiguration;
			buildSettings = {
				ALWAYS_SEARCH_USER_PATHS = NO;
				CLANG_ANALYZER_NONNULL = YES;
				CLANG_ANALYZER_NUMBER_OBJECT_CONVERSION = YES_AGGRESSIVE;
				CLANG_CXX_LANGUAGE_STANDARD = "gnu++0x";
				CLANG_CXX_LIBRARY = "libc++";
				CLANG_ENABLE_MODULES = YES;
				CLANG_ENABLE_OBJC_ARC = YES;
				CLANG_WARN_BOOL_CONVERSION = YES;
				CLANG_WARN_CONSTANT_CONVERSION = YES;
				CLANG_WARN_DIRECT_OBJC_ISA_USAGE = YES_ERROR;
				CLANG_WARN_DOCUMENTATION_COMMENTS = YES;
				CLANG_WARN_EMPTY_BODY = YES;
				CLANG_WARN_ENUM_CONVERSION = YES;
				CLANG_WARN_INFINITE_RECURSION = YES;
				CLANG_WARN_INT_CONVERSION = YES;
				CLANG_WARN_OBJC_ROOT_CLASS = YES_ERROR;
				CLANG_WARN_SUSPICIOUS_MOVE = YES;
				CLANG_WARN_UNREACHABLE_CODE = YES;
				CLANG_WARN__DUPLICATE_METHOD_MATCH = YES;
				"CODE_SIGN_IDENTITY[sdk=iphoneos*]" = "iPhone Developer";
				COPY_PHASE_STRIP = NO;
				DEBUG_INFORMATION_FORMAT = dwarf;
				ENABLE_STRICT_OBJC_MSGSEND = YES;
				ENABLE_TESTABILITY = YES;
				GCC_C_LANGUAGE_STANDARD = gnu99;
				GCC_DYNAMIC_NO_PIC = NO;
				GCC_NO_COMMON_BLOCKS = YES;
				GCC_OPTIMIZATION_LEVEL = 0;
				GCC_PREPROCESSOR_DEFINITIONS = (
					"DEBUG=1",
					"$(inherited)",
				);
				GCC_WARN_64_TO_32_BIT_CONVERSION = YES;
				GCC_WARN_ABOUT_RETURN_TYPE = YES_ERROR;
				GCC_WARN_UNDECLARED_SELECTOR = YES;
				GCC_WARN_UNINITIALIZED_AUTOS = YES_AGGRESSIVE;
				GCC_WARN_UNUSED_FUNCTION = YES;
				GCC_WARN_UNUSED_VARIABLE = YES;
				IPHONEOS_DEPLOYMENT_TARGET = 10.3;
				MTL_ENABLE_DEBUG_INFO = YES;
				ONLY_ACTIVE_ARCH = YES;
				SDKROOT = iphoneos;
				SWIFT_ACTIVE_COMPILATION_CONDITIONS = DEBUG;
				SWIFT_OPTIMIZATION_LEVEL = "-Onone";
			};
			name = Debug;
		};
		B42985C61F29E8E700AFFB97 /* Release */ = {
			isa = XCBuildConfiguration;
			buildSettings = {
				ALWAYS_SEARCH_USER_PATHS = NO;
				CLANG_ANALYZER_NONNULL = YES;
				CLANG_ANALYZER_NUMBER_OBJECT_CONVERSION = YES_AGGRESSIVE;
				CLANG_CXX_LANGUAGE_STANDARD = "gnu++0x";
				CLANG_CXX_LIBRARY = "libc++";
				CLANG_ENABLE_MODULES = YES;
				CLANG_ENABLE_OBJC_ARC = YES;
				CLANG_WARN_BOOL_CONVERSION = YES;
				CLANG_WARN_CONSTANT_CONVERSION = YES;
				CLANG_WARN_DIRECT_OBJC_ISA_USAGE = YES_ERROR;
				CLANG_WARN_DOCUMENTATION_COMMENTS = YES;
				CLANG_WARN_EMPTY_BODY = YES;
				CLANG_WARN_ENUM_CONVERSION = YES;
				CLANG_WARN_INFINITE_RECURSION = YES;
				CLANG_WARN_INT_CONVERSION = YES;
				CLANG_WARN_OBJC_ROOT_CLASS = YES_ERROR;
				CLANG_WARN_SUSPICIOUS_MOVE = YES;
				CLANG_WARN_UNREACHABLE_CODE = YES;
				CLANG_WARN__DUPLICATE_METHOD_MATCH = YES;
				"CODE_SIGN_IDENTITY[sdk=iphoneos*]" = "iPhone Developer";
				COPY_PHASE_STRIP = NO;
				DEBUG_INFORMATION_FORMAT = "dwarf-with-dsym";
				ENABLE_NS_ASSERTIONS = NO;
				ENABLE_STRICT_OBJC_MSGSEND = YES;
				GCC_C_LANGUAGE_STANDARD = gnu99;
				GCC_NO_COMMON_BLOCKS = YES;
				GCC_WARN_64_TO_32_BIT_CONVERSION = YES;
				GCC_WARN_ABOUT_RETURN_TYPE = YES_ERROR;
				GCC_WARN_UNDECLARED_SELECTOR = YES;
				GCC_WARN_UNINITIALIZED_AUTOS = YES_AGGRESSIVE;
				GCC_WARN_UNUSED_FUNCTION = YES;
				GCC_WARN_UNUSED_VARIABLE = YES;
				IPHONEOS_DEPLOYMENT_TARGET = 10.3;
				MTL_ENABLE_DEBUG_INFO = NO;
				SDKROOT = iphoneos;
				SWIFT_OPTIMIZATION_LEVEL = "-Owholemodule";
				VALIDATE_PRODUCT = YES;
			};
			name = Release;
		};
		B42985C81F29E8E700AFFB97 /* Debug */ = {
			isa = XCBuildConfiguration;
			baseConfigurationReference = 9FACEDC042CE0399F01969AB /* Pods-TweeBox.debug.xcconfig */;
			buildSettings = {
				ASSETCATALOG_COMPILER_APPICON_NAME = AppIcon;
				DEVELOPMENT_TEAM = QGE9B9WP7D;
				INFOPLIST_FILE = TweeBox/Info.plist;
				LD_RUNPATH_SEARCH_PATHS = "$(inherited) @executable_path/Frameworks";
				PRODUCT_BUNDLE_IDENTIFIER = us.faramita.TweeBox;
				PRODUCT_NAME = "$(TARGET_NAME)";
				SWIFT_VERSION = 3.0;
			};
			name = Debug;
		};
		B42985C91F29E8E700AFFB97 /* Release */ = {
			isa = XCBuildConfiguration;
			baseConfigurationReference = 27A3D1FDBA0152D8A2C9DA41 /* Pods-TweeBox.release.xcconfig */;
			buildSettings = {
				ASSETCATALOG_COMPILER_APPICON_NAME = AppIcon;
				DEVELOPMENT_TEAM = QGE9B9WP7D;
				INFOPLIST_FILE = TweeBox/Info.plist;
				LD_RUNPATH_SEARCH_PATHS = "$(inherited) @executable_path/Frameworks";
				PRODUCT_BUNDLE_IDENTIFIER = us.faramita.TweeBox;
				PRODUCT_NAME = "$(TARGET_NAME)";
				SWIFT_VERSION = 3.0;
			};
			name = Release;
		};
		B42985CB1F29E8E700AFFB97 /* Debug */ = {
			isa = XCBuildConfiguration;
			buildSettings = {
				ALWAYS_EMBED_SWIFT_STANDARD_LIBRARIES = YES;
				BUNDLE_LOADER = "$(TEST_HOST)";
				DEVELOPMENT_TEAM = QGE9B9WP7D;
				INFOPLIST_FILE = TweeBoxTests/Info.plist;
				LD_RUNPATH_SEARCH_PATHS = "$(inherited) @executable_path/Frameworks @loader_path/Frameworks";
				PRODUCT_BUNDLE_IDENTIFIER = us.faramita.TweeBoxTests;
				PRODUCT_NAME = "$(TARGET_NAME)";
				SWIFT_VERSION = 3.0;
				TEST_HOST = "$(BUILT_PRODUCTS_DIR)/TweeBox.app/TweeBox";
			};
			name = Debug;
		};
		B42985CC1F29E8E700AFFB97 /* Release */ = {
			isa = XCBuildConfiguration;
			buildSettings = {
				ALWAYS_EMBED_SWIFT_STANDARD_LIBRARIES = YES;
				BUNDLE_LOADER = "$(TEST_HOST)";
				DEVELOPMENT_TEAM = QGE9B9WP7D;
				INFOPLIST_FILE = TweeBoxTests/Info.plist;
				LD_RUNPATH_SEARCH_PATHS = "$(inherited) @executable_path/Frameworks @loader_path/Frameworks";
				PRODUCT_BUNDLE_IDENTIFIER = us.faramita.TweeBoxTests;
				PRODUCT_NAME = "$(TARGET_NAME)";
				SWIFT_VERSION = 3.0;
				TEST_HOST = "$(BUILT_PRODUCTS_DIR)/TweeBox.app/TweeBox";
			};
			name = Release;
		};
		B42985CE1F29E8E700AFFB97 /* Debug */ = {
			isa = XCBuildConfiguration;
			buildSettings = {
				ALWAYS_EMBED_SWIFT_STANDARD_LIBRARIES = YES;
				DEVELOPMENT_TEAM = QGE9B9WP7D;
				INFOPLIST_FILE = TweeBoxUITests/Info.plist;
				LD_RUNPATH_SEARCH_PATHS = "$(inherited) @executable_path/Frameworks @loader_path/Frameworks";
				PRODUCT_BUNDLE_IDENTIFIER = us.faramita.TweeBoxUITests;
				PRODUCT_NAME = "$(TARGET_NAME)";
				SWIFT_VERSION = 3.0;
				TEST_TARGET_NAME = TweeBox;
			};
			name = Debug;
		};
		B42985CF1F29E8E700AFFB97 /* Release */ = {
			isa = XCBuildConfiguration;
			buildSettings = {
				ALWAYS_EMBED_SWIFT_STANDARD_LIBRARIES = YES;
				DEVELOPMENT_TEAM = QGE9B9WP7D;
				INFOPLIST_FILE = TweeBoxUITests/Info.plist;
				LD_RUNPATH_SEARCH_PATHS = "$(inherited) @executable_path/Frameworks @loader_path/Frameworks";
				PRODUCT_BUNDLE_IDENTIFIER = us.faramita.TweeBoxUITests;
				PRODUCT_NAME = "$(TARGET_NAME)";
				SWIFT_VERSION = 3.0;
				TEST_TARGET_NAME = TweeBox;
			};
			name = Release;
		};
/* End XCBuildConfiguration section */

/* Begin XCConfigurationList section */
		B42985971F29E8E600AFFB97 /* Build configuration list for PBXProject "TweeBox" */ = {
			isa = XCConfigurationList;
			buildConfigurations = (
				B42985C51F29E8E700AFFB97 /* Debug */,
				B42985C61F29E8E700AFFB97 /* Release */,
			);
			defaultConfigurationIsVisible = 0;
			defaultConfigurationName = Release;
		};
		B42985C71F29E8E700AFFB97 /* Build configuration list for PBXNativeTarget "TweeBox" */ = {
			isa = XCConfigurationList;
			buildConfigurations = (
				B42985C81F29E8E700AFFB97 /* Debug */,
				B42985C91F29E8E700AFFB97 /* Release */,
			);
			defaultConfigurationIsVisible = 0;
			defaultConfigurationName = Release;
		};
		B42985CA1F29E8E700AFFB97 /* Build configuration list for PBXNativeTarget "TweeBoxTests" */ = {
			isa = XCConfigurationList;
			buildConfigurations = (
				B42985CB1F29E8E700AFFB97 /* Debug */,
				B42985CC1F29E8E700AFFB97 /* Release */,
			);
			defaultConfigurationIsVisible = 0;
			defaultConfigurationName = Release;
		};
		B42985CD1F29E8E700AFFB97 /* Build configuration list for PBXNativeTarget "TweeBoxUITests" */ = {
			isa = XCConfigurationList;
			buildConfigurations = (
				B42985CE1F29E8E700AFFB97 /* Debug */,
				B42985CF1F29E8E700AFFB97 /* Release */,
			);
			defaultConfigurationIsVisible = 0;
			defaultConfigurationName = Release;
		};
/* End XCConfigurationList section */

/* Begin XCVersionGroup section */
		B42985A61F29E8E700AFFB97 /* TweeBox.xcdatamodeld */ = {
			isa = XCVersionGroup;
			children = (
				B42985A71F29E8E700AFFB97 /* TweeBox.xcdatamodel */,
			);
			currentVersion = B42985A71F29E8E700AFFB97 /* TweeBox.xcdatamodel */;
			path = TweeBox.xcdatamodeld;
			sourceTree = "<group>";
			versionGroupType = wrapper.xcdatamodel;
		};
/* End XCVersionGroup section */
	};
	rootObject = B42985941F29E8E600AFFB97 /* Project object */;
}
